<?xml version="1.0" encoding="UTF-8" standalone="yes" ?>
<CodeBlocks_project_file>
	<FileVersion major="1" minor="6" />
	<Project>
		<Option title="Evolution-Project" />
		<Option pch_mode="2" />
		<Option compiler="gcc" />
		<Build>
			<Target title="Debug">
				<Option output="bin/Debug/Evolution-Project" prefix_auto="1" extension_auto="1" />
				<Option working_dir="../Evolution-Project" />
				<Option object_output="obj/Debug/" />
				<Option type="1" />
				<Option compiler="gcc" />
				<Option projectIncludeDirsRelation="0" />
				<Compiler>
					<Add option="-fomit-frame-pointer" />
					<Add option="-fexpensive-optimizations" />
					<Add option="-O3" />
					<Add option="-Wnon-virtual-dtor" />
					<Add option="-Wshadow" />
					<Add option="-Winit-self" />
					<Add option="-Wredundant-decls" />
					<Add option="-Wcast-align" />
					<Add option="-Wundef" />
					<Add option="-Wfloat-equal" />
					<Add option="-Winline" />
					<Add option="-Wunreachable-code" />
					<Add option="-Wmissing-declarations" />
					<Add option="-Wmissing-include-dirs" />
					<Add option="-Wswitch-enum" />
					<Add option="-Wswitch-default" />
					<Add option="-Weffc++" />
					<Add option="-Wzero-as-null-pointer-constant" />
					<Add option="-Wmain" />
					<Add option="-pedantic-errors" />
					<Add option="-pedantic" />
					<Add option="-Wfatal-errors" />
					<Add option="-Wextra" />
					<Add option="-Wall" />
					<Add option="-march=native" />
					<Add directory="include/Simulation/Creatures" />
					<Add directory="include/Tests" />
					<Add directory="include/Math" />
					<Add directory="include/Simulation/Physics" />
					<Add directory="include/Simulation/Population" />
				</Compiler>
				<Linker>
					<Add option="-O3" />
					<Add option="-s" />
				</Linker>
			</Target>
			<Target title="Release">
				<Option output="bin/Release/Evolution-Project" prefix_auto="1" extension_auto="1" />
				<Option working_dir="../Evolution-Project" />
				<Option object_output="obj/Release/" />
				<Option type="1" />
				<Option compiler="gcc" />
				<Compiler>
					<Add directory="include/Simulation/Creatures" />
					<Add directory="include/Tests" />
					<Add directory="include/Math" />
					<Add directory="include/Simulation/Physics" />
					<Add directory="include/Simulation/Population" />
				</Compiler>
			</Target>
		</Build>
		<Compiler>
			<Add option="-m64" />
			<Add option="-Iinclude" />
			<Add option="-Ilibraries" />
			<Add option="-Ilibraries/tiny-dnn-master" />
			<Add option="-isysteminclude\Graphics\GLUT\freeglut" />
			<Add option="-std=c++2a" />
			<Add directory="include/Graphics" />
			<Add directory="include/Math" />
			<Add directory="include/Simulation" />
			<Add directory="include/Logger" />
			<Add directory="include" />
			<Add directory="include/Graphics/Drawing" />
			<Add directory="include/Graphics/UserInput" />
			<Add directory="include/Graphics/Audio" />
			<Add directory="include/Config" />
			<Add directory="include/Simulation/Genetics" />
			<Add directory="include/Simulation/Physics" />
			<Add directory="include/Simulation/Creatures" />
			<Add directory="include/Simulation/Population" />
			<Add directory="include/Graphics/GUI" />
			<Add directory="include/Graphics/GLUT" />
			<Add directory="include/Simulation/Genetics/Genes" />
		</Compiler>
		<Linker>
			<Add option="-m64" />
			<Add option="-lopengl32" />
			<Add library="libraries/SOIL/SOIL.a" />
			<Add library="opengl32" />
			<Add library="glu32" />
			<Add library="winmm" />
			<Add library="gdi32" />
			<Add library="freeglut" />
			<Add directory="libraries/SOIL" />
			<Add directory="libraries/freeglut" />
		</Linker>
		<Unit filename="assets/config.config" />
		<Unit filename="assets/logger.log" />
		<Unit filename="include/Config/Config.h" />
		<Unit filename="include/Graphics/Audio/Audio.h" />
		<Unit filename="include/Graphics/Drawing/Draw.h" />
		<Unit filename="include/Graphics/Drawing/Objects.h" />
		<Unit filename="include/Graphics/Drawing/Shapes.h" />
		<Unit filename="include/Graphics/Drawing/Text.h" />
		<Unit filename="include/Graphics/GFramework.h" />
		<Unit filename="include/Graphics/GLUT/GlutCallBacks.h" />
		<Unit filename="include/Graphics/GLUT/MyGlut.h" />
		<Unit filename="include/Graphics/GUI/Button.h" />
		<Unit filename="include/Graphics/UserInput/UserFunction.h" />
		<Unit filename="include/Graphics/UserInput/UserInput.h" />
		<Unit filename="include/Logger/Logger.h" />
		<Unit filename="include/Math/Bisection.h" />
		<Unit filename="include/Math/Connection.h" />
		<Unit filename="include/Math/Matrix.h" />
		<Unit filename="include/Math/Matrix2.h" />
		<Unit filename="include/Math/MyMath.h" />
		<Unit filename="include/Math/Vec.h" />
		<Unit filename="include/Math/Vec2.h" />
		<Unit filename="include/Simulation/Creatures/Creature.h" />
		<Unit filename="include/Simulation/Creatures/OmniWalker.h" />
		<Unit filename="include/Simulation/Creatures/Factory.h" />
		<Unit filename="include/Simulation/Creatures/Phylogeny.h" />
		<Unit filename="include/Simulation/Creatures/Senario.h" />
		<Unit filename="include/Simulation/Creatures/StickBall.h" />
		<Unit filename="include/Simulation/Creatures/Trail.h" />
		<Unit filename="include/Simulation/Genetics/GeneMapping.h" />
		<Unit filename="include/Simulation/Genetics/Genes/AxonGene.h" />
		<Unit filename="include/Simulation/Genetics/Genes/BoneGene.h" />
		<Unit filename="include/Simulation/Genetics/Genes/CubeGene.h" />
		<Unit filename="include/Simulation/Genetics/Genes/Gene.h" />
		<Unit filename="include/Simulation/Genetics/Genes/MuscleGene.h" />
		<Unit filename="include/Simulation/Genetics/Genes/NodeGene.h" />
		<Unit filename="include/Simulation/Genetics/Genome.h" />
		<Unit filename="include/Simulation/Physics/Ball.h" />
		<Unit filename="include/Simulation/Physics/Component.h" />
		<Unit filename="include/Simulation/Physics/Cube.h" />
		<Unit filename="include/Simulation/Physics/Eye.h" />
		<Unit filename="include/Simulation/Physics/Fitness.h" />
		<Unit filename="include/Simulation/Physics/NeuralNetwork.h" />
		<Unit filename="include/Simulation/Physics/Piston.h" />
		<Unit filename="include/Simulation/Physics/Terrain.h" />
		<Unit filename="include/Simulation/Population/History.h" />
		<Unit filename="include/Simulation/Population/MultiThread.h" />
		<Unit filename="include/Simulation/Population/Population.h" />
		<Unit filename="include/Simulation/Population/Viewer.h" />
		<Unit filename="include/Simulation/Simulation.h" />
		<Unit filename="include/Tests/TestSuite.h" />
		<Unit filename="include/utility.h" />
		<Unit filename="resources/Colors.pdf" />
		<Unit filename="src/Config/Config.cpp" />
		<Unit filename="src/Graphics/Audio/Audio.cpp" />
		<Unit filename="src/Graphics/Drawing/Draw.cpp" />
		<Unit filename="src/Graphics/Drawing/Objects.cpp" />
		<Unit filename="src/Graphics/Drawing/Shapes.cpp" />
		<Unit filename="src/Graphics/Drawing/Text.cpp" />
		<Unit filename="src/Graphics/GFramework.cpp" />
		<Unit filename="src/Graphics/GLUT/GlutCallBacks.cpp" />
		<Unit filename="src/Graphics/GLUT/MyGlut.cpp" />
		<Unit filename="src/Graphics/GUI/Button.cpp" />
		<Unit filename="src/Graphics/LoadingResources/LoadColors.cpp" />
		<Unit filename="src/Graphics/LoadingResources/LoadTextures.cpp" />
		<Unit filename="src/Graphics/UserInput/UserFunction.cpp" />
		<Unit filename="src/Graphics/UserInput/UserInput.cpp" />
		<Unit filename="src/Logger/Logger.cpp" />
		<Unit filename="src/Math/Bisection.cpp" />
		<Unit filename="src/Math/Connection.cpp" />
		<Unit filename="src/Math/Matrix.cpp" />
		<Unit filename="src/Math/Matrix2.cpp" />
		<Unit filename="src/Math/MyMath.cpp" />
		<Unit filename="src/Math/Vec.cpp" />
		<Unit filename="src/Math/Vec2.cpp" />
		<Unit filename="src/Simulation/Creatures/Creature.cpp" />
		<Unit filename="src/Simulation/Creatures/OmniWalker.cpp" />
		<Unit filename="src/Simulation/Creatures/Phylogeny.cpp" />
		<Unit filename="src/Simulation/Creatures/Senario.cpp" />
		<Unit filename="src/Simulation/Creatures/StickBall.cpp" />
		<Unit filename="src/Simulation/Creatures/Trail.cpp" />
		<Unit filename="src/Simulation/Genetics/GeneMapping.cpp" />
		<Unit filename="src/Simulation/Genetics/Genes/AxonGene.cpp" />
		<Unit filename="src/Simulation/Genetics/Genes/BoneGene.cpp" />
		<Unit filename="src/Simulation/Genetics/Genes/CubeGene.cpp" />
		<Unit filename="src/Simulation/Genetics/Genes/Gene.cpp" />
		<Unit filename="src/Simulation/Genetics/Genes/MuscleGene.cpp" />
		<Unit filename="src/Simulation/Genetics/Genes/NodeGene.cpp" />
		<Unit filename="src/Simulation/Genetics/Genome.cpp" />
		<Unit filename="src/Simulation/Physics/Ball.cpp" />
		<Unit filename="src/Simulation/Physics/Component.cpp" />
		<Unit filename="src/Simulation/Physics/Cube.cpp" />
		<Unit filename="src/Simulation/Physics/Eye.cpp" />
		<Unit filename="src/Simulation/Physics/Fitness.cpp" />
		<Unit filename="src/Simulation/Physics/NeuralNetwork.cpp" />
		<Unit filename="src/Simulation/Physics/Piston.cpp" />
		<Unit filename="src/Simulation/Physics/Terrain.cpp" />
		<Unit filename="src/Simulation/Population/History.cpp" />
		<Unit filename="src/Simulation/Population/MultiThread.cpp" />
		<Unit filename="src/Simulation/Population/Population.cpp" />
		<Unit filename="src/Simulation/Population/Viewer.cpp" />
		<Unit filename="src/Simulation/Simulation.cpp" />
		<Unit filename="src/Simulation/evolveMode.cpp" />
		<Unit filename="src/Simulation/mainMenuMode.cpp" />
		<Unit filename="src/Tests/TestSuite.cpp" />
		<Unit filename="src/main.cpp" />
		<Unit filename="src/utility.cpp" />
		<Unit filename="tiny_dnn/activations/activation_layer.h" />
		<Unit filename="tiny_dnn/activations/asinh_layer.h" />
		<Unit filename="tiny_dnn/activations/elu_layer.h" />
		<Unit filename="tiny_dnn/activations/leaky_relu_layer.h" />
		<Unit filename="tiny_dnn/activations/relu_layer.h" />
		<Unit filename="tiny_dnn/activations/selu_layer.h" />
		<Unit filename="tiny_dnn/activations/sigmoid_layer.h" />
		<Unit filename="tiny_dnn/activations/softmax_layer.h" />
		<Unit filename="tiny_dnn/activations/softplus_layer.h" />
		<Unit filename="tiny_dnn/activations/softsign_layer.h" />
		<Unit filename="tiny_dnn/activations/tanh_layer.h" />
		<Unit filename="tiny_dnn/activations/tanh_p1m2_layer.h" />
		<Unit filename="tiny_dnn/config.h" />
		<Unit filename="tiny_dnn/core/backend.h" />
		<Unit filename="tiny_dnn/core/backend_avx.h" />
		<Unit filename="tiny_dnn/core/backend_tiny.h" />
		<Unit filename="tiny_dnn/core/framework/device.fwd.h" />
		<Unit filename="tiny_dnn/core/framework/device.h" />
		<Unit filename="tiny_dnn/core/framework/op_kernel.h" />
		<Unit filename="tiny_dnn/core/framework/program.h" />
		<Unit filename="tiny_dnn/core/framework/program_manager.h" />
		<Unit filename="tiny_dnn/core/framework/tensor.h" />
		<Unit filename="tiny_dnn/core/framework/tensor_utils.h" />
		<Unit filename="tiny_dnn/core/kernels/avx_deconv2d_back_kernel.h" />
		<Unit filename="tiny_dnn/core/kernels/avx_deconv2d_kernel.h" />
		<Unit filename="tiny_dnn/core/kernels/avx_kernel_common.h" />
		<Unit filename="tiny_dnn/core/kernels/conv2d_grad_op.h" />
		<Unit filename="tiny_dnn/core/kernels/conv2d_grad_op_avx.h" />
		<Unit filename="tiny_dnn/core/kernels/conv2d_op.h" />
		<Unit filename="tiny_dnn/core/kernels/conv2d_op_avx.h" />
		<Unit filename="tiny_dnn/core/kernels/conv2d_op_internal.h" />
		<Unit filename="tiny_dnn/core/kernels/conv2d_op_libdnn.h" />
		<Unit filename="tiny_dnn/core/kernels/conv2d_op_nnpack.h" />
		<Unit filename="tiny_dnn/core/kernels/conv2d_op_opencl.h" />
		<Unit filename="tiny_dnn/core/kernels/fully_connected_grad_op.h" />
		<Unit filename="tiny_dnn/core/kernels/fully_connected_op.h" />
		<Unit filename="tiny_dnn/core/kernels/fully_connected_op_avx.h" />
		<Unit filename="tiny_dnn/core/kernels/fully_connected_op_cblas.h" />
		<Unit filename="tiny_dnn/core/kernels/fully_connected_op_intel_mkl.h" />
		<Unit filename="tiny_dnn/core/kernels/fully_connected_op_internal.h" />
		<Unit filename="tiny_dnn/core/kernels/fully_connected_op_nnpack.h" />
		<Unit filename="tiny_dnn/core/kernels/global_avepool_grad_op.h" />
		<Unit filename="tiny_dnn/core/kernels/global_avepool_op.h" />
		<Unit filename="tiny_dnn/core/kernels/global_avepool_op_avx.h" />
		<Unit filename="tiny_dnn/core/kernels/global_avepool_op_internal.h" />
		<Unit filename="tiny_dnn/core/kernels/gru_cell_grad_op.h" />
		<Unit filename="tiny_dnn/core/kernels/gru_cell_op.h" />
		<Unit filename="tiny_dnn/core/kernels/gru_cell_op_internal.h" />
		<Unit filename="tiny_dnn/core/kernels/lstm_cell_grad_op.h" />
		<Unit filename="tiny_dnn/core/kernels/lstm_cell_op.h" />
		<Unit filename="tiny_dnn/core/kernels/lstm_cell_op_internal.h" />
		<Unit filename="tiny_dnn/core/kernels/maxpool_grad_op.h" />
		<Unit filename="tiny_dnn/core/kernels/maxpool_op.h" />
		<Unit filename="tiny_dnn/core/kernels/maxpool_op_avx.h" />
		<Unit filename="tiny_dnn/core/kernels/maxpool_op_internal.h" />
		<Unit filename="tiny_dnn/core/kernels/maxpool_op_nnpack.h" />
		<Unit filename="tiny_dnn/core/kernels/nnp_deconv2d_kernel.h" />
		<Unit filename="tiny_dnn/core/kernels/rnn_cell_grad_op.h" />
		<Unit filename="tiny_dnn/core/kernels/rnn_cell_op.h" />
		<Unit filename="tiny_dnn/core/kernels/rnn_cell_op_internal.h" />
		<Unit filename="tiny_dnn/core/kernels/tiny_deconv2d_back_kernel.h" />
		<Unit filename="tiny_dnn/core/kernels/tiny_deconv2d_kernel.h" />
		<Unit filename="tiny_dnn/core/kernels/tiny_quantization_kernel.h" />
		<Unit filename="tiny_dnn/core/kernels/tiny_quantized_conv2d_kernel.h" />
		<Unit filename="tiny_dnn/core/kernels/tiny_quantized_deconv2d_kernel.h" />
		<Unit filename="tiny_dnn/core/kernels/tiny_quantized_fully_connected_kernel.h" />
		<Unit filename="tiny_dnn/core/kernels/tiny_quantized_matmul_kernel.h" />
		<Unit filename="tiny_dnn/core/params/conv_params.h" />
		<Unit filename="tiny_dnn/core/params/deconv_params.h" />
		<Unit filename="tiny_dnn/core/params/fully_params.h" />
		<Unit filename="tiny_dnn/core/params/global_avepool_params.h" />
		<Unit filename="tiny_dnn/core/params/gru_cell_params.h" />
		<Unit filename="tiny_dnn/core/params/lstm_cell_params.h" />
		<Unit filename="tiny_dnn/core/params/maxpool_params.h" />
		<Unit filename="tiny_dnn/core/params/params.h" />
		<Unit filename="tiny_dnn/core/params/rnn_cell_params.h" />
		<Unit filename="tiny_dnn/core/session.h" />
		<Unit filename="tiny_dnn/io/caffe/layer_factory.h" />
		<Unit filename="tiny_dnn/io/caffe/layer_factory_impl.h" />
		<Unit filename="tiny_dnn/io/cifar10_parser.h" />
		<Unit filename="tiny_dnn/io/display.h" />
		<Unit filename="tiny_dnn/io/layer_factory.h" />
		<Unit filename="tiny_dnn/io/mnist_parser.h" />
		<Unit filename="tiny_dnn/layers/arithmetic_layer.h" />
		<Unit filename="tiny_dnn/layers/average_pooling_layer.h" />
		<Unit filename="tiny_dnn/layers/average_unpooling_layer.h" />
		<Unit filename="tiny_dnn/layers/batch_normalization_layer.h" />
		<Unit filename="tiny_dnn/layers/cell.h" />
		<Unit filename="tiny_dnn/layers/cells.h" />
		<Unit filename="tiny_dnn/layers/concat_layer.h" />
		<Unit filename="tiny_dnn/layers/convolutional_layer.h" />
		<Unit filename="tiny_dnn/layers/deconvolutional_layer.h" />
		<Unit filename="tiny_dnn/layers/dropout_layer.h" />
		<Unit filename="tiny_dnn/layers/fully_connected_layer.h" />
		<Unit filename="tiny_dnn/layers/global_average_pooling_layer.h" />
		<Unit filename="tiny_dnn/layers/gru_cell.h" />
		<Unit filename="tiny_dnn/layers/input_layer.h" />
		<Unit filename="tiny_dnn/layers/l2_normalization_layer.h" />
		<Unit filename="tiny_dnn/layers/layer.h" />
		<Unit filename="tiny_dnn/layers/layers.h" />
		<Unit filename="tiny_dnn/layers/linear_layer.h" />
		<Unit filename="tiny_dnn/layers/lrn_layer.h" />
		<Unit filename="tiny_dnn/layers/lstm_cell.h" />
		<Unit filename="tiny_dnn/layers/max_pooling_layer.h" />
		<Unit filename="tiny_dnn/layers/max_unpooling_layer.h" />
		<Unit filename="tiny_dnn/layers/partial_connected_layer.h" />
		<Unit filename="tiny_dnn/layers/power_layer.h" />
		<Unit filename="tiny_dnn/layers/quantized_convolutional_layer.h" />
		<Unit filename="tiny_dnn/layers/quantized_deconvolutional_layer.h" />
		<Unit filename="tiny_dnn/layers/quantized_fully_connected_layer.h" />
		<Unit filename="tiny_dnn/layers/recurrent_layer.h" />
		<Unit filename="tiny_dnn/layers/rnn_cell.h" />
		<Unit filename="tiny_dnn/layers/slice_layer.h" />
		<Unit filename="tiny_dnn/layers/zero_pad_layer.h" />
		<Unit filename="tiny_dnn/lossfunctions/loss_function.h" />
		<Unit filename="tiny_dnn/models/alexnet.h" />
		<Unit filename="tiny_dnn/network.h" />
		<Unit filename="tiny_dnn/node.h" />
		<Unit filename="tiny_dnn/nodes.h" />
		<Unit filename="tiny_dnn/optimizers/optimizer.h" />
		<Unit filename="tiny_dnn/tiny_dnn.h" />
		<Unit filename="tiny_dnn/util/aligned_allocator.h" />
		<Unit filename="tiny_dnn/util/colored_print.h" />
		<Unit filename="tiny_dnn/util/deform.h" />
		<Unit filename="tiny_dnn/util/deserialization_helper.h" />
		<Unit filename="tiny_dnn/util/gradient_check.h" />
		<Unit filename="tiny_dnn/util/graph_visualizer.h" />
		<Unit filename="tiny_dnn/util/image.h" />
		<Unit filename="tiny_dnn/util/macro.h" />
		<Unit filename="tiny_dnn/util/math_functions.h" />
		<Unit filename="tiny_dnn/util/nms.h" />
		<Unit filename="tiny_dnn/util/nn_error.h" />
		<Unit filename="tiny_dnn/util/parallel_for.h" />
		<Unit filename="tiny_dnn/util/product.h" />
		<Unit filename="tiny_dnn/util/random.h" />
		<Unit filename="tiny_dnn/util/serialization_functions.h" />
		<Unit filename="tiny_dnn/util/serialization_helper.h" />
		<Unit filename="tiny_dnn/util/serialization_layer_list.h" />
		<Unit filename="tiny_dnn/util/target_cost.h" />
		<Unit filename="tiny_dnn/util/util.h" />
		<Unit filename="tiny_dnn/util/weight_init.h" />
		<Unit filename="tiny_dnn/xtensor/xadapt.hpp" />
		<Unit filename="tiny_dnn/xtensor/xarray.hpp" />
		<Unit filename="tiny_dnn/xtensor/xassign.hpp" />
		<Unit filename="tiny_dnn/xtensor/xaxis_iterator.hpp" />
		<Unit filename="tiny_dnn/xtensor/xbroadcast.hpp" />
		<Unit filename="tiny_dnn/xtensor/xbuffer_adaptor.hpp" />
		<Unit filename="tiny_dnn/xtensor/xbuilder.hpp" />
		<Unit filename="tiny_dnn/xtensor/xcomplex.hpp" />
		<Unit filename="tiny_dnn/xtensor/xcontainer.hpp" />
		<Unit filename="tiny_dnn/xtensor/xcsv.hpp" />
		<Unit filename="tiny_dnn/xtensor/xeval.hpp" />
		<Unit filename="tiny_dnn/xtensor/xexception.hpp" />
		<Unit filename="tiny_dnn/xtensor/xexpression.hpp" />
		<Unit filename="tiny_dnn/xtensor/xfunction.hpp" />
		<Unit filename="tiny_dnn/xtensor/xfunctorview.hpp" />
		<Unit filename="tiny_dnn/xtensor/xgenerator.hpp" />
		<Unit filename="tiny_dnn/xtensor/xindexview.hpp" />
		<Unit filename="tiny_dnn/xtensor/xinfo.hpp" />
		<Unit filename="tiny_dnn/xtensor/xio.hpp" />
		<Unit filename="tiny_dnn/xtensor/xiterable.hpp" />
		<Unit filename="tiny_dnn/xtensor/xiterator.hpp" />
		<Unit filename="tiny_dnn/xtensor/xlayout.hpp" />
		<Unit filename="tiny_dnn/xtensor/xmath.hpp" />
		<Unit filename="tiny_dnn/xtensor/xmissing.hpp" />
		<Unit filename="tiny_dnn/xtensor/xnoalias.hpp" />
		<Unit filename="tiny_dnn/xtensor/xoffsetview.hpp" />
		<Unit filename="tiny_dnn/xtensor/xoperation.hpp" />
		<Unit filename="tiny_dnn/xtensor/xoptional.hpp" />
		<Unit filename="tiny_dnn/xtensor/xrandom.hpp" />
		<Unit filename="tiny_dnn/xtensor/xreducer.hpp" />
		<Unit filename="tiny_dnn/xtensor/xscalar.hpp" />
		<Unit filename="tiny_dnn/xtensor/xsemantic.hpp" />
		<Unit filename="tiny_dnn/xtensor/xslice.hpp" />
		<Unit filename="tiny_dnn/xtensor/xstorage.hpp" />
		<Unit filename="tiny_dnn/xtensor/xstridedview.hpp" />
		<Unit filename="tiny_dnn/xtensor/xstrides.hpp" />
		<Unit filename="tiny_dnn/xtensor/xtensor.hpp" />
		<Unit filename="tiny_dnn/xtensor/xtensor_config.hpp" />
		<Unit filename="tiny_dnn/xtensor/xtensor_forward.hpp" />
		<Unit filename="tiny_dnn/xtensor/xutils.hpp" />
		<Unit filename="tiny_dnn/xtensor/xvectorize.hpp" />
		<Unit filename="tiny_dnn/xtensor/xview.hpp" />
		<Unit filename="tiny_dnn/xtensor/xview_utils.hpp" />
		<Extensions>
			<AutoVersioning>
				<Scheme minor_max="100" build_max="0" rev_max="0" rev_rand_max="10" build_times_to_increment_minor="100" />
				<Settings autoincrement="1" date_declarations="1" use_define="0" update_manifest="1" do_auto_increment="1" ask_to_increment="0" language="C++" svn="0" svn_directory="" header_path="version.h" />
				<Changes_Log show_changes_editor="0" app_title="released version %M.%m.%b of %p" changeslog_path="ChangesLog.txt" />
				<Code header_guard="VERSION_H" namespace="AutoVersion" prefix="" />
			</AutoVersioning>
			<code_completion />
			<envvars />
			<debugger />
			<lib_finder disable_auto="1" />
			<DoxyBlocks>
				<comment_style block="0" line="2" />
				<doxyfile_project project_number="1.71.6097" use_auto_version="1" />
				<doxyfile_build extract_all="1" extract_private="1" extract_static="1" />
				<doxyfile_warnings />
				<doxyfile_output latex="1" />
				<doxyfile_dot class_diagrams="1" have_dot="1" />
				<general use_at_in_tags="1" />
			</DoxyBlocks>
		</Extensions>
	</Project>
</CodeBlocks_project_file>
